
Microsoft Visual Studio Solution File, Format Version 12.00
# Visual Studio Version 17
VisualStudioVersion = 17.3.32901.215
MinimumVisualStudioVersion = 10.0.40219.1
Project("{F2A71F9B-5D33-465A-A702-920D77279786}") = "LABFINGENIERIADESOFTWAREII", "LABFINGENIERIADESOFTWAREII\LABFINGENIERIADESOFTWAREII.fsproj", "{1D5B7D81-455F-49B2-B61B-FC462A9E3222}"
EndProject
Global
	GlobalSection(SolutionConfigurationPlatforms) = preSolution
		Debug|Any CPU = Debug|Any CPU
		Release|Any CPU = Release|Any CPU
	EndGlobalSection
	GlobalSection(ProjectConfigurationPlatforms) = postSolution
		{1D5B7D81-455F-49B2-B61B-FC462A9E3222}.Debug|Any CPU.ActiveCfg = Debug|Any CPU
		{1D5B7D81-455F-49B2-B61B-FC462A9E3222}.Debug|Any CPU.Build.0 = Debug|Any CPU
		{1D5B7D81-455F-49B2-B61B-FC462A9E3222}.Release|Any CPU.ActiveCfg = Release|Any CPU
		{1D5B7D81-455F-49B2-B61B-FC462A9E3222}.Release|Any CPU.Build.0 = Release|Any CPU
	EndGlobalSection
	GlobalSection(SolutionProperties) = preSolution
		HideSolutionNode = FALSE
	EndGlobalSection
	GlobalSection(ExtensibilityGlobals) = postSolution
		SolutionGuid = {83D4159F-01BD-43EA-9097-716BA85BC5A4}
	EndGlobalSection
EndGlobal
